PODS:
  - Flutter (1.0.0)
  - libpag (4.2.11)
  - pag (0.0.1):
    - Flutter
    - libpag

DEPENDENCIES:
  - Flutter (from `Flutter`)
  - libpag (= 4.2.11)
  - pag (from `.symlinks/plugins/pag/ios`)

SPEC REPOS:
  trunk:
    - libpag

EXTERNAL SOURCES:
  Flutter:
    :path: Flutter
  pag:
    :path: ".symlinks/plugins/pag/ios"

SPEC CHECKSUMS:
  Flutter: e0871f40cf51350855a761d2e70bf5af5b9b5de7
  libpag: 38a4633825d5dd8161c4e84ca3469395f18fd639
  pag: ff30ba5e4be59380a5ddac6b183905729be15a3c

PODFILE CHECKSUM: 535ba81be026f5bbd306994284bed8b494a6faf5

COCOAPODS: 1.15.2
